
Microsoft Visual Studio Solution File, Format Version 11.00
# Visual Studio 2010
Project("{8BC9CEB8-8B4A-11D0-8D11-00A0C91BC942}") = "app", "app\app.vcxproj", "{9131A5F7-08E0-46FD-ADD7-3835F99526C3}"
EndProject
Project("{2150E333-8FDC-42A3-9474-1A3956D46DE8}") = "scripts", "scripts", "{C64379D9-8C3B-4B3E-B141-25C66BEF79C3}"
	ProjectSection(SolutionItems) = preProject
		A.py = A.py
		B.py = B.py
	EndProjectSection
EndProject
Project("{2150E333-8FDC-42A3-9474-1A3956D46DE8}") = "methods", "methods", "{DC1CBF5B-FEA6-49A1-86DF-BCB0320A5DF1}"
EndProject
Project("{8BC9CEB8-8B4A-11D0-8D11-00A0C91BC942}") = "C", "C\C.vcxproj", "{B3DA609F-043D-44FE-A8E4-610BE011BC67}"
EndProject
Project("{2150E333-8FDC-42A3-9474-1A3956D46DE8}") = "library", "library", "{2E7650A8-0738-4F29-97C3-AB76562C056E}"
EndProject
Project("{8BC9CEB8-8B4A-11D0-8D11-00A0C91BC942}") = "library", "library\library.vcxproj", "{6BA18A9C-F65E-41D4-A895-6546E87EE358}"
EndProject
Project("{8BC9CEB8-8B4A-11D0-8D11-00A0C91BC942}") = "library_port", "library_port\library_port.vcxproj", "{A18E67E2-FF4C-461C-A1D0-0A9A6190BC34}"
EndProject
Global
	GlobalSection(SolutionConfigurationPlatforms) = preSolution
		Debug|Win32 = Debug|Win32
		Release|Win32 = Release|Win32
	EndGlobalSection
	GlobalSection(ProjectConfigurationPlatforms) = postSolution
		{9131A5F7-08E0-46FD-ADD7-3835F99526C3}.Debug|Win32.ActiveCfg = Debug|Win32
		{9131A5F7-08E0-46FD-ADD7-3835F99526C3}.Debug|Win32.Build.0 = Debug|Win32
		{9131A5F7-08E0-46FD-ADD7-3835F99526C3}.Release|Win32.ActiveCfg = Release|Win32
		{9131A5F7-08E0-46FD-ADD7-3835F99526C3}.Release|Win32.Build.0 = Release|Win32
		{B3DA609F-043D-44FE-A8E4-610BE011BC67}.Debug|Win32.ActiveCfg = Debug|Win32
		{B3DA609F-043D-44FE-A8E4-610BE011BC67}.Debug|Win32.Build.0 = Debug|Win32
		{B3DA609F-043D-44FE-A8E4-610BE011BC67}.Release|Win32.ActiveCfg = Release|Win32
		{B3DA609F-043D-44FE-A8E4-610BE011BC67}.Release|Win32.Build.0 = Release|Win32
		{6BA18A9C-F65E-41D4-A895-6546E87EE358}.Debug|Win32.ActiveCfg = Debug|Win32
		{6BA18A9C-F65E-41D4-A895-6546E87EE358}.Debug|Win32.Build.0 = Debug|Win32
		{6BA18A9C-F65E-41D4-A895-6546E87EE358}.Release|Win32.ActiveCfg = Release|Win32
		{6BA18A9C-F65E-41D4-A895-6546E87EE358}.Release|Win32.Build.0 = Release|Win32
		{A18E67E2-FF4C-461C-A1D0-0A9A6190BC34}.Debug|Win32.ActiveCfg = Debug|Win32
		{A18E67E2-FF4C-461C-A1D0-0A9A6190BC34}.Debug|Win32.Build.0 = Debug|Win32
		{A18E67E2-FF4C-461C-A1D0-0A9A6190BC34}.Release|Win32.ActiveCfg = Release|Win32
		{A18E67E2-FF4C-461C-A1D0-0A9A6190BC34}.Release|Win32.Build.0 = Release|Win32
	EndGlobalSection
	GlobalSection(SolutionProperties) = preSolution
		HideSolutionNode = FALSE
	EndGlobalSection
	GlobalSection(NestedProjects) = preSolution
		{B3DA609F-043D-44FE-A8E4-610BE011BC67} = {DC1CBF5B-FEA6-49A1-86DF-BCB0320A5DF1}
		{6BA18A9C-F65E-41D4-A895-6546E87EE358} = {2E7650A8-0738-4F29-97C3-AB76562C056E}
		{A18E67E2-FF4C-461C-A1D0-0A9A6190BC34} = {2E7650A8-0738-4F29-97C3-AB76562C056E}
	EndGlobalSection
EndGlobal
